<?xml version="1.0" encoding="utf-8"?>
<Project ToolsVersion="4.0" xmlns="http://schemas.microsoft.com/developer/msbuild/2003">
  <ItemGroup>
    <Filter Include="Launch">
      <UniqueIdentifier>{E06644C0-CC08-6F96-B5C3-82EAA104F6E6}</UniqueIdentifier>
    </Filter>
  </ItemGroup>
  <ItemGroup>
    <ClInclude Include="src\Launch.h" />
    <ClInclude Include="src\Launch\Application.h">
      <Filter>Launch</Filter>
    </ClInclude>
    <ClInclude Include="src\Launch\Core.h">
      <Filter>Launch</Filter>
    </ClInclude>
    <ClInclude Include="src\Launch\EntryPoint.h">
      <Filter>Launch</Filter>
    </ClInclude>
    <ClInclude Include="src\Launch\Log.h">
      <Filter>Launch</Filter>
    </ClInclude>
    <ClInclude Include="src\Launch\Math\Matrix3.h" />
    <ClInclude Include="src\Launch\Math\Matrix4.h" />
    <ClInclude Include="src\Launch\Math\Vector2.h" />
    <ClInclude Include="src\Launch\Math\Vector3.h" />
    <ClInclude Include="src\Launch\Math\Vector4.h" />
  </ItemGroup>
  <ItemGroup>
    <ClCompile Include="src\Launch\Application.cpp">
      <Filter>Launch</Filter>
    </ClCompile>
    <ClCompile Include="src\Launch\Log.cpp">
      <Filter>Launch</Filter>
    </ClCompile>
    <ClCompile Include="src\Launch\Math\Matrix3.cpp" />
    <ClCompile Include="src\Launch\Math\Matrix4.cpp" />
    <ClCompile Include="src\Launch\Math\Vector2.cpp" />
    <ClCompile Include="src\Launch\Math\Vector3.cpp" />
    <ClCompile Include="src\Launch\Math\Vector4.cpp" />
  </ItemGroup>
</Project>